
Microsoft Visual Studio Solution File, Format Version 12.00
# Visual Studio Version 17
VisualStudioVersion = 17.14.36408.4 d17.14
MinimumVisualStudioVersion = 10.0.40219.1
Project("{FAE04EC0-301F-11D3-BF4B-00C04F79EFBC}") = "SurveyBasket.Api", "SurveyBasket.Api\SurveyBasket.Api.csproj", "{B436458F-C16D-40D7-BCC6-934514F25953}"
EndProject
Global
	GlobalSection(SolutionConfigurationPlatforms) = preSolution
		Debug|Any CPU = Debug|Any CPU
		Release|Any CPU = Release|Any CPU
	EndGlobalSection
	GlobalSection(ProjectConfigurationPlatforms) = postSolution
		{B436458F-C16D-40D7-BCC6-934514F25953}.Debug|Any CPU.ActiveCfg = Debug|Any CPU
		{B436458F-C16D-40D7-BCC6-934514F25953}.Debug|Any CPU.Build.0 = Debug|Any CPU
		{B436458F-C16D-40D7-BCC6-934514F25953}.Release|Any CPU.ActiveCfg = Release|Any CPU
		{B436458F-C16D-40D7-BCC6-934514F25953}.Release|Any CPU.Build.0 = Release|Any CPU
	EndGlobalSection
	GlobalSection(SolutionProperties) = preSolution
		HideSolutionNode = FALSE
	EndGlobalSection
	GlobalSection(ExtensibilityGlobals) = postSolution
		SolutionGuid = {B695AB39-F14E-4154-A5E4-1B9E4A7AEA8E}
	EndGlobalSection
EndGlobal
